{
    "_meta": {
        "hash": {
            "sha256": "a3c6193014268c4583eebd9cda4673f282c58e186e1e17619aca4154d2996e4c"
        },
        "pipfile-spec": 6,
        "requires": {
            "python_version": "3.8"
        },
        "sources": [
            {
                "name": "pypi",
                "url": "https://pypi.org/simple",
                "verify_ssl": true
            }
        ]
    },
    "default": {
        "setuptools": {
            "hashes": [
                "sha256:6f590d76b713d5de4e49fe4fbca24474469f53c83632d5d0fd056f7ff7e8112b",
                "sha256:ac4008d396bc9cd983ea483cb7139c0240a07bbc74ffb6232fceffedc6cf03a8"
            ],
            "index": "pypi",
            "version": "==66.1.1"
        },
        "src": {
            "editable": true,
            "path": "./src"
        }
    },
    "develop": {}
}
