{
    "_meta": {
        "hash": {
            "sha256": "147392de8a8fc0fe7fedd44768cfe1e11b5ca734a5937cd1d71f163f88d5b592"
        },
        "pipfile-spec": 6,
        "requires": {
            "python_version": "3.8"
        },
        "sources": [
            {
                "name": "pypi",
                "url": "https://pypi.org/simple",
                "verify_ssl": true
            }
        ]
    },
    "default": {
        "setuptools": {
            "hashes": [
                "sha256:78a02bdea8a5cb66dec1c507598c443bcc75562817d2556c1a17f7a344615bb4",
                "sha256:fc19f9f62120a763300fd78e234b3cbd3417be098f08c156eaaf36420627e57b"
            ],
            "index": "pypi",
            "version": "==66.1.0"
        },
        "wheel": {
            "hashes": [
                "sha256:965f5259b566725405b05e7cf774052044b1ed30119b5d586b2703aafe8719ac",
                "sha256:b60533f3f5d530e971d6737ca6d58681ee434818fab630c83a734bb10c083ce8"
            ],
            "index": "pypi",
            "version": "==0.38.4"
        }
    },
    "develop": {}
}
